
Microsoft Visual Studio Solution File, Format Version 12.00
# Visual Studio 15
VisualStudioVersion = 15.0.27703.2000
MinimumVisualStudioVersion = 10.0.40219.1
Project("{E24C65DC-7377-472B-9ABA-BC803B73C61A}") = "ArtWebSite", "ArtWebSite\", "{E9EB47F4-B69D-4676-8D45-8D0B0C087C63}"
	ProjectSection(WebsiteProperties) = preProject
		TargetFrameworkMoniker = ".NETFramework,Version%3Dv4.6.1"
		Debug.AspNetCompiler.VirtualPath = "/localhost_49553"
		Debug.AspNetCompiler.PhysicalPath = "ArtWebSite\"
		Debug.AspNetCompiler.TargetPath = "PrecompiledWeb\localhost_49553\"
		Debug.AspNetCompiler.Updateable = "true"
		Debug.AspNetCompiler.ForceOverwrite = "true"
		Debug.AspNetCompiler.FixedNames = "false"
		Debug.AspNetCompiler.Debug = "True"
		Release.AspNetCompiler.VirtualPath = "/localhost_49553"
		Release.AspNetCompiler.PhysicalPath = "ArtWebSite\"
		Release.AspNetCompiler.TargetPath = "PrecompiledWeb\localhost_49553\"
		Release.AspNetCompiler.Updateable = "true"
		Release.AspNetCompiler.ForceOverwrite = "true"
		Release.AspNetCompiler.FixedNames = "false"
		Release.AspNetCompiler.Debug = "False"
		VWDPort = "49553"
		SlnRelativePath = "ArtWebSite\"
		DefaultWebSiteLanguage = "Visual C#"
	EndProjectSection
EndProject
Global
	GlobalSection(SolutionConfigurationPlatforms) = preSolution
		Debug|Any CPU = Debug|Any CPU
	EndGlobalSection
	GlobalSection(ProjectConfigurationPlatforms) = postSolution
		{E9EB47F4-B69D-4676-8D45-8D0B0C087C63}.Debug|Any CPU.ActiveCfg = Debug|Any CPU
		{E9EB47F4-B69D-4676-8D45-8D0B0C087C63}.Debug|Any CPU.Build.0 = Debug|Any CPU
	EndGlobalSection
	GlobalSection(SolutionProperties) = preSolution
		HideSolutionNode = FALSE
	EndGlobalSection
	GlobalSection(ExtensibilityGlobals) = postSolution
		SolutionGuid = {FA7F7FE0-6FB3-486A-B287-D3183F194156}
	EndGlobalSection
EndGlobal
